
Microsoft Visual Studio Solution File, Format Version 12.00
# Visual Studio 15
VisualStudioVersion = 15.0.27130.2020
MinimumVisualStudioVersion = 10.0.40219.1
Project("{FAE04EC0-301F-11D3-BF4B-00C04F79EFBC}") = "MBGParser", "MBGParser\MBGParser.csproj", "{AF4855DD-932F-4E0A-AA5C-FF0A84FEF71A}"
EndProject
Project("{FAE04EC0-301F-11D3-BF4B-00C04F79EFBC}") = "MBGParserTests", "MBGParserTests\MBGParserTests.csproj", "{1DB08E28-2E9F-48BA-BF48-EB70D08C35F5}"
EndProject
Global
	GlobalSection(SolutionConfigurationPlatforms) = preSolution
		Debug|Any CPU = Debug|Any CPU
		Release|Any CPU = Release|Any CPU
	EndGlobalSection
	GlobalSection(ProjectConfigurationPlatforms) = postSolution
		{AF4855DD-932F-4E0A-AA5C-FF0A84FEF71A}.Debug|Any CPU.ActiveCfg = Debug|Any CPU
		{AF4855DD-932F-4E0A-AA5C-FF0A84FEF71A}.Debug|Any CPU.Build.0 = Debug|Any CPU
		{AF4855DD-932F-4E0A-AA5C-FF0A84FEF71A}.Release|Any CPU.ActiveCfg = Release|Any CPU
		{AF4855DD-932F-4E0A-AA5C-FF0A84FEF71A}.Release|Any CPU.Build.0 = Release|Any CPU
		{1DB08E28-2E9F-48BA-BF48-EB70D08C35F5}.Debug|Any CPU.ActiveCfg = Debug|Any CPU
		{1DB08E28-2E9F-48BA-BF48-EB70D08C35F5}.Debug|Any CPU.Build.0 = Debug|Any CPU
		{1DB08E28-2E9F-48BA-BF48-EB70D08C35F5}.Release|Any CPU.ActiveCfg = Release|Any CPU
		{1DB08E28-2E9F-48BA-BF48-EB70D08C35F5}.Release|Any CPU.Build.0 = Release|Any CPU
	EndGlobalSection
	GlobalSection(SolutionProperties) = preSolution
		HideSolutionNode = FALSE
	EndGlobalSection
	GlobalSection(ExtensibilityGlobals) = postSolution
		SolutionGuid = {196E4BB2-E891-4681-9546-1E0108654C0A}
	EndGlobalSection
EndGlobal
